<?xml version="1.0" encoding="utf-8"?>
<Project ToolsVersion="4.0" xmlns="http://schemas.microsoft.com/developer/msbuild/2003">
  <ItemGroup>
    <Filter Include="소스 파일">
      <UniqueIdentifier>{4FC737F1-C7A5-4376-A066-2A32D752A2FF}</UniqueIdentifier>
      <Extensions>cpp;c;cc;cxx;c++;cppm;ixx;def;odl;idl;hpj;bat;asm;asmx</Extensions>
    </Filter>
    <Filter Include="리소스 파일">
      <UniqueIdentifier>{67DA6AB6-F800-4c08-8B7A-83BB121AAD01}</UniqueIdentifier>
      <Extensions>rc;ico;cur;bmp;dlg;rc2;rct;bin;rgs;gif;jpg;jpeg;jpe;resx;tiff;tif;png;wav;mfcribbon-ms</Extensions>
    </Filter>
    <Filter Include="Framework">
      <UniqueIdentifier>{4f2529d1-e0f3-4a68-a54c-c7b07de4cbf7}</UniqueIdentifier>
    </Filter>
  </ItemGroup>
  <ItemGroup>
    <ClCompile Include="main.c">
      <Filter>소스 파일</Filter>
    </ClCompile>
    <ClCompile Include="stdafx.c">
      <Filter>소스 파일</Filter>
    </ClCompile>
    <ClCompile Include="Framework\game.c">
      <Filter>Framework</Filter>
    </ClCompile>
    <ClCompile Include="Framework\Renderer.c">
      <Filter>Framework</Filter>
    </ClCompile>
  </ItemGroup>
  <ItemGroup>
    <ClInclude Include="stdafx.h">
      <Filter>소스 파일</Filter>
    </ClInclude>
    <ClInclude Include="Framework\game.h">
      <Filter>Framework</Filter>
    </ClInclude>
    <ClInclude Include="Framework\Renderer.h">
      <Filter>Framework</Filter>
    </ClInclude>
  </ItemGroup>
</Project>